
Microsoft Visual Studio Solution File, Format Version 12.00
# Visual Studio Version 17
VisualStudioVersion = 17.6.33815.320
MinimumVisualStudioVersion = 10.0.40219.1
Project("{FAE04EC0-301F-11D3-BF4B-00C04F79EFBC}") = "StockTracker", "StockTracker\StockTracker.csproj", "{EA420522-F31D-4062-997C-44C716BD8C77}"
EndProject
Global
	GlobalSection(SolutionConfigurationPlatforms) = preSolution
		Debug|Any CPU = Debug|Any CPU
		Release|Any CPU = Release|Any CPU
	EndGlobalSection
	GlobalSection(ProjectConfigurationPlatforms) = postSolution
		{EA420522-F31D-4062-997C-44C716BD8C77}.Debug|Any CPU.ActiveCfg = Debug|Any CPU
		{EA420522-F31D-4062-997C-44C716BD8C77}.Debug|Any CPU.Build.0 = Debug|Any CPU
		{EA420522-F31D-4062-997C-44C716BD8C77}.Release|Any CPU.ActiveCfg = Release|Any CPU
		{EA420522-F31D-4062-997C-44C716BD8C77}.Release|Any CPU.Build.0 = Release|Any CPU
	EndGlobalSection
	GlobalSection(SolutionProperties) = preSolution
		HideSolutionNode = FALSE
	EndGlobalSection
	GlobalSection(ExtensibilityGlobals) = postSolution
		SolutionGuid = {7529CFB8-8394-4D56-9391-82C2DB0B9230}
	EndGlobalSection
EndGlobal
